
Microsoft Visual Studio Solution File, Format Version 12.00
# Visual Studio Version 17
VisualStudioVersion = 17.12.35514.174 d17.12
MinimumVisualStudioVersion = 10.0.40219.1
Project("{FAE04EC0-301F-11D3-BF4B-00C04F79EFBC}") = "DapperProject.API", "DapperProject.API\DapperProject.API.csproj", "{7669E706-F34F-486C-9541-D2274A8D4C94}"
EndProject
Global
	GlobalSection(SolutionConfigurationPlatforms) = preSolution
		Debug|Any CPU = Debug|Any CPU
		Release|Any CPU = Release|Any CPU
	EndGlobalSection
	GlobalSection(ProjectConfigurationPlatforms) = postSolution
		{7669E706-F34F-486C-9541-D2274A8D4C94}.Debug|Any CPU.ActiveCfg = Debug|Any CPU
		{7669E706-F34F-486C-9541-D2274A8D4C94}.Debug|Any CPU.Build.0 = Debug|Any CPU
		{7669E706-F34F-486C-9541-D2274A8D4C94}.Release|Any CPU.ActiveCfg = Release|Any CPU
		{7669E706-F34F-486C-9541-D2274A8D4C94}.Release|Any CPU.Build.0 = Release|Any CPU
	EndGlobalSection
	GlobalSection(SolutionProperties) = preSolution
		HideSolutionNode = FALSE
	EndGlobalSection
EndGlobal
